// !$*UTF8*$!
{
	archiveVersion = 1;
	classes = {
	};
	objectVersion = 50;
	objects = {

/* Begin PBXBuildFile section */
		EA084659225DFE7600F759B2 /* Solution04.cpp in Sources */ = {isa = PBXBuildFile; fileRef = EA084657225DFE7600F759B2 /* Solution04.cpp */; };
		EA0EB8B2225340DD009FE75D /* main.cpp in Sources */ = {isa = PBXBuildFile; fileRef = EA0EB8B1225340DD009FE75D /* main.cpp */; };
		EA0EB8BA2253414F009FE75D /* Solution01.cpp in Sources */ = {isa = PBXBuildFile; fileRef = EA0EB8B82253414F009FE75D /* Solution01.cpp */; };
		EA0EB8BD22534224009FE75D /* Solution02.cpp in Sources */ = {isa = PBXBuildFile; fileRef = EA0EB8BB22534224009FE75D /* Solution02.cpp */; };
		EA0EB8C022537B48009FE75D /* Solution03.cpp in Sources */ = {isa = PBXBuildFile; fileRef = EA0EB8BE22537B48009FE75D /* Solution03.cpp */; };
/* End PBXBuildFile section */

/* Begin PBXCopyFilesBuildPhase section */
		EA0EB8AC225340DD009FE75D /* CopyFiles */ = {
			isa = PBXCopyFilesBuildPhase;
			buildActionMask = 2147483647;
			dstPath = /usr/share/man/man1/;
			dstSubfolderSpec = 0;
			files = (
			);
			runOnlyForDeploymentPostprocessing = 1;
		};
/* End PBXCopyFilesBuildPhase section */

/* Begin PBXFileReference section */
		EA084657225DFE7600F759B2 /* Solution04.cpp */ = {isa = PBXFileReference; lastKnownFileType = sourcecode.cpp.cpp; path = Solution04.cpp; sourceTree = "<group>"; };
		EA084658225DFE7600F759B2 /* Solution04.hpp */ = {isa = PBXFileReference; lastKnownFileType = sourcecode.cpp.h; path = Solution04.hpp; sourceTree = "<group>"; };
		EA0EB8AE225340DD009FE75D /* AlgorithmAnalyze */ = {isa = PBXFileReference; explicitFileType = "compiled.mach-o.executable"; includeInIndex = 0; path = AlgorithmAnalyze; sourceTree = BUILT_PRODUCTS_DIR; };
		EA0EB8B1225340DD009FE75D /* main.cpp */ = {isa = PBXFileReference; lastKnownFileType = sourcecode.cpp.cpp; path = main.cpp; sourceTree = "<group>"; };
		EA0EB8B82253414F009FE75D /* Solution01.cpp */ = {isa = PBXFileReference; lastKnownFileType = sourcecode.cpp.cpp; path = Solution01.cpp; sourceTree = "<group>"; };
		EA0EB8B92253414F009FE75D /* Solution01.hpp */ = {isa = PBXFileReference; lastKnownFileType = sourcecode.cpp.h; path = Solution01.hpp; sourceTree = "<group>"; };
		EA0EB8BB22534224009FE75D /* Solution02.cpp */ = {isa = PBXFileReference; lastKnownFileType = sourcecode.cpp.cpp; path = Solution02.cpp; sourceTree = "<group>"; };
		EA0EB8BC22534224009FE75D /* Solution02.hpp */ = {isa = PBXFileReference; lastKnownFileType = sourcecode.cpp.h; path = Solution02.hpp; sourceTree = "<group>"; };
		EA0EB8BE22537B48009FE75D /* Solution03.cpp */ = {isa = PBXFileReference; lastKnownFileType = sourcecode.cpp.cpp; path = Solution03.cpp; sourceTree = "<group>"; };
		EA0EB8BF22537B48009FE75D /* Solution03.hpp */ = {isa = PBXFileReference; lastKnownFileType = sourcecode.cpp.h; path = Solution03.hpp; sourceTree = "<group>"; };
/* End PBXFileReference section */

/* Begin PBXFrameworksBuildPhase section */
		EA0EB8AB225340DD009FE75D /* Frameworks */ = {
			isa = PBXFrameworksBuildPhase;
			buildActionMask = 2147483647;
			files = (
			);
			runOnlyForDeploymentPostprocessing = 0;
		};
/* End PBXFrameworksBuildPhase section */

/* Begin PBXGroup section */
		EA0EB8A5225340DD009FE75D = {
			isa = PBXGroup;
			children = (
				EA0EB8B0225340DD009FE75D /* AlgorithmAnalyze */,
				EA0EB8AF225340DD009FE75D /* Products */,
			);
			sourceTree = "<group>";
		};
		EA0EB8AF225340DD009FE75D /* Products */ = {
			isa = PBXGroup;
			children = (
				EA0EB8AE225340DD009FE75D /* AlgorithmAnalyze */,
			);
			name = Products;
			sourceTree = "<group>";
		};
		EA0EB8B0225340DD009FE75D /* AlgorithmAnalyze */ = {
			isa = PBXGroup;
			children = (
				EA0EB8B1225340DD009FE75D /* main.cpp */,
				EA0EB8B82253414F009FE75D /* Solution01.cpp */,
				EA0EB8B92253414F009FE75D /* Solution01.hpp */,
				EA0EB8BB22534224009FE75D /* Solution02.cpp */,
				EA0EB8BC22534224009FE75D /* Solution02.hpp */,
				EA0EB8BE22537B48009FE75D /* Solution03.cpp */,
				EA0EB8BF22537B48009FE75D /* Solution03.hpp */,
				EA084657225DFE7600F759B2 /* Solution04.cpp */,
				EA084658225DFE7600F759B2 /* Solution04.hpp */,
			);
			path = AlgorithmAnalyze;
			sourceTree = "<group>";
		};
/* End PBXGroup section */

/* Begin PBXNativeTarget section */
		EA0EB8AD225340DD009FE75D /* AlgorithmAnalyze */ = {
			isa = PBXNativeTarget;
			buildConfigurationList = EA0EB8B5225340DD009FE75D /* Build configuration list for PBXNativeTarget "AlgorithmAnalyze" */;
			buildPhases = (
				EA0EB8AA225340DD009FE75D /* Sources */,
				EA0EB8AB225340DD009FE75D /* Frameworks */,
				EA0EB8AC225340DD009FE75D /* CopyFiles */,
			);
			buildRules = (
			);
			dependencies = (
			);
			name = AlgorithmAnalyze;
			productName = AlgorithmAnalyze;
			productReference = EA0EB8AE225340DD009FE75D /* AlgorithmAnalyze */;
			productType = "com.apple.product-type.tool";
		};
/* End PBXNativeTarget section */

/* Begin PBXProject section */
		EA0EB8A6225340DD009FE75D /* Project object */ = {
			isa = PBXProject;
			attributes = {
				LastUpgradeCheck = 1010;
				ORGANIZATIONNAME = berlin;
				TargetAttributes = {
					EA0EB8AD225340DD009FE75D = {
						CreatedOnToolsVersion = 10.1;
					};
				};
			};
			buildConfigurationList = EA0EB8A9225340DD009FE75D /* Build configuration list for PBXProject "AlgorithmAnalyze" */;
			compatibilityVersion = "Xcode 9.3";
			developmentRegion = en;
			hasScannedForEncodings = 0;
			knownRegions = (
				en,
			);
			mainGroup = EA0EB8A5225340DD009FE75D;
			productRefGroup = EA0EB8AF225340DD009FE75D /* Products */;
			projectDirPath = "";
			projectRoot = "";
			targets = (
				EA0EB8AD225340DD009FE75D /* AlgorithmAnalyze */,
			);
		};
/* End PBXProject section */

/* Begin PBXSourcesBuildPhase section */
		EA0EB8AA225340DD009FE75D /* Sources */ = {
			isa = PBXSourcesBuildPhase;
			buildActionMask = 2147483647;
			files = (
				EA084659225DFE7600F759B2 /* Solution04.cpp in Sources */,
				EA0EB8B2225340DD009FE75D /* main.cpp in Sources */,
				EA0EB8BD22534224009FE75D /* Solution02.cpp in Sources */,
				EA0EB8BA2253414F009FE75D /* Solution01.cpp in Sources */,
				EA0EB8C022537B48009FE75D /* Solution03.cpp in Sources */,
			);
			runOnlyForDeploymentPostprocessing = 0;
		};
/* End PBXSourcesBuildPhase section */

/* Begin XCBuildConfiguration section */
		EA0EB8B3225340DD009FE75D /* Debug */ = {
			isa = XCBuildConfiguration;
			buildSettings = {
				ALWAYS_SEARCH_USER_PATHS = NO;
				CLANG_ANALYZER_NONNULL = YES;
				CLANG_ANALYZER_NUMBER_OBJECT_CONVERSION = YES_AGGRESSIVE;
				CLANG_CXX_LANGUAGE_STANDARD = "gnu++14";
				CLANG_CXX_LIBRARY = "libc++";
				CLANG_ENABLE_MODULES = YES;
				CLANG_ENABLE_OBJC_ARC = YES;
				CLANG_ENABLE_OBJC_WEAK = YES;
				CLANG_WARN_BLOCK_CAPTURE_AUTORELEASING = YES;
				CLANG_WARN_BOOL_CONVERSION = YES;
				CLANG_WARN_COMMA = YES;
				CLANG_WARN_CONSTANT_CONVERSION = YES;
				CLANG_WARN_DEPRECATED_OBJC_IMPLEMENTATIONS = YES;
				CLANG_WARN_DIRECT_OBJC_ISA_USAGE = YES_ERROR;
				CLANG_WARN_DOCUMENTATION_COMMENTS = YES;
				CLANG_WARN_EMPTY_BODY = YES;
				CLANG_WARN_ENUM_CONVERSION = YES;
				CLANG_WARN_INFINITE_RECURSION = YES;
				CLANG_WARN_INT_CONVERSION = YES;
				CLANG_WARN_NON_LITERAL_NULL_CONVERSION = YES;
				CLANG_WARN_OBJC_IMPLICIT_RETAIN_SELF = YES;
				CLANG_WARN_OBJC_LITERAL_CONVERSION = YES;
				CLANG_WARN_OBJC_ROOT_CLASS = YES_ERROR;
				CLANG_WARN_RANGE_LOOP_ANALYSIS = YES;
				CLANG_WARN_STRICT_PROTOTYPES = YES;
				CLANG_WARN_SUSPICIOUS_MOVE = YES;
				CLANG_WARN_UNGUARDED_AVAILABILITY = YES_AGGRESSIVE;
				CLANG_WARN_UNREACHABLE_CODE = YES;
				CLANG_WARN__DUPLICATE_METHOD_MATCH = YES;
				CODE_SIGN_IDENTITY = "Mac Developer";
				COPY_PHASE_STRIP = NO;
				DEBUG_INFORMATION_FORMAT = dwarf;
				ENABLE_STRICT_OBJC_MSGSEND = YES;
				ENABLE_TESTABILITY = YES;
				GCC_C_LANGUAGE_STANDARD = gnu11;
				GCC_DYNAMIC_NO_PIC = NO;
				GCC_NO_COMMON_BLOCKS = YES;
				GCC_OPTIMIZATION_LEVEL = 0;
				GCC_PREPROCESSOR_DEFINITIONS = (
					"DEBUG=1",
					"$(inherited)",
				);
				GCC_WARN_64_TO_32_BIT_CONVERSION = YES;
				GCC_WARN_ABOUT_RETURN_TYPE = YES_ERROR;
				GCC_WARN_UNDECLARED_SELECTOR = YES;
				GCC_WARN_UNINITIALIZED_AUTOS = YES_AGGRESSIVE;
				GCC_WARN_UNUSED_FUNCTION = YES;
				GCC_WARN_UNUSED_VARIABLE = YES;
				MACOSX_DEPLOYMENT_TARGET = 10.14;
				MTL_ENABLE_DEBUG_INFO = INCLUDE_SOURCE;
				MTL_FAST_MATH = YES;
				ONLY_ACTIVE_ARCH = YES;
				SDKROOT = macosx;
			};
			name = Debug;
		};
		EA0EB8B4225340DD009FE75D /* Release */ = {
			isa = XCBuildConfiguration;
			buildSettings = {
				ALWAYS_SEARCH_USER_PATHS = NO;
				CLANG_ANALYZER_NONNULL = YES;
				CLANG_ANALYZER_NUMBER_OBJECT_CONVERSION = YES_AGGRESSIVE;
				CLANG_CXX_LANGUAGE_STANDARD = "gnu++14";
				CLANG_CXX_LIBRARY = "libc++";
				CLANG_ENABLE_MODULES = YES;
				CLANG_ENABLE_OBJC_ARC = YES;
				CLANG_ENABLE_OBJC_WEAK = YES;
				CLANG_WARN_BLOCK_CAPTURE_AUTORELEASING = YES;
				CLANG_WARN_BOOL_CONVERSION = YES;
				CLANG_WARN_COMMA = YES;
				CLANG_WARN_CONSTANT_CONVERSION = YES;
				CLANG_WARN_DEPRECATED_OBJC_IMPLEMENTATIONS = YES;
				CLANG_WARN_DIRECT_OBJC_ISA_USAGE = YES_ERROR;
				CLANG_WARN_DOCUMENTATION_COMMENTS = YES;
				CLANG_WARN_EMPTY_BODY = YES;
				CLANG_WARN_ENUM_CONVERSION = YES;
				CLANG_WARN_INFINITE_RECURSION = YES;
				CLANG_WARN_INT_CONVERSION = YES;
				CLANG_WARN_NON_LITERAL_NULL_CONVERSION = YES;
				CLANG_WARN_OBJC_IMPLICIT_RETAIN_SELF = YES;
				CLANG_WARN_OBJC_LITERAL_CONVERSION = YES;
				CLANG_WARN_OBJC_ROOT_CLASS = YES_ERROR;
				CLANG_WARN_RANGE_LOOP_ANALYSIS = YES;
				CLANG_WARN_STRICT_PROTOTYPES = YES;
				CLANG_WARN_SUSPICIOUS_MOVE = YES;
				CLANG_WARN_UNGUARDED_AVAILABILITY = YES_AGGRESSIVE;
				CLANG_WARN_UNREACHABLE_CODE = YES;
				CLANG_WARN__DUPLICATE_METHOD_MATCH = YES;
				CODE_SIGN_IDENTITY = "Mac Developer";
				COPY_PHASE_STRIP = NO;
				DEBUG_INFORMATION_FORMAT = "dwarf-with-dsym";
				ENABLE_NS_ASSERTIONS = NO;
				ENABLE_STRICT_OBJC_MSGSEND = YES;
				GCC_C_LANGUAGE_STANDARD = gnu11;
				GCC_NO_COMMON_BLOCKS = YES;
				GCC_WARN_64_TO_32_BIT_CONVERSION = YES;
				GCC_WARN_ABOUT_RETURN_TYPE = YES_ERROR;
				GCC_WARN_UNDECLARED_SELECTOR = YES;
				GCC_WARN_UNINITIALIZED_AUTOS = YES_AGGRESSIVE;
				GCC_WARN_UNUSED_FUNCTION = YES;
				GCC_WARN_UNUSED_VARIABLE = YES;
				MACOSX_DEPLOYMENT_TARGET = 10.14;
				MTL_ENABLE_DEBUG_INFO = NO;
				MTL_FAST_MATH = YES;
				SDKROOT = macosx;
			};
			name = Release;
		};
		EA0EB8B6225340DD009FE75D /* Debug */ = {
			isa = XCBuildConfiguration;
			buildSettings = {
				CODE_SIGN_STYLE = Automatic;
				DEVELOPMENT_TEAM = 4M4NZ2DQ6P;
				PRODUCT_NAME = "$(TARGET_NAME)";
			};
			name = Debug;
		};
		EA0EB8B7225340DD009FE75D /* Release */ = {
			isa = XCBuildConfiguration;
			buildSettings = {
				CODE_SIGN_STYLE = Automatic;
				DEVELOPMENT_TEAM = 4M4NZ2DQ6P;
				PRODUCT_NAME = "$(TARGET_NAME)";
			};
			name = Release;
		};
/* End XCBuildConfiguration section */

/* Begin XCConfigurationList section */
		EA0EB8A9225340DD009FE75D /* Build configuration list for PBXProject "AlgorithmAnalyze" */ = {
			isa = XCConfigurationList;
			buildConfigurations = (
				EA0EB8B3225340DD009FE75D /* Debug */,
				EA0EB8B4225340DD009FE75D /* Release */,
			);
			defaultConfigurationIsVisible = 0;
			defaultConfigurationName = Release;
		};
		EA0EB8B5225340DD009FE75D /* Build configuration list for PBXNativeTarget "AlgorithmAnalyze" */ = {
			isa = XCConfigurationList;
			buildConfigurations = (
				EA0EB8B6225340DD009FE75D /* Debug */,
				EA0EB8B7225340DD009FE75D /* Release */,
			);
			defaultConfigurationIsVisible = 0;
			defaultConfigurationName = Release;
		};
/* End XCConfigurationList section */
	};
	rootObject = EA0EB8A6225340DD009FE75D /* Project object */;
}
